
Microsoft Visual Studio Solution File, Format Version 12.00
# Visual Studio Version 17
VisualStudioVersion = 17.12.35527.113
MinimumVisualStudioVersion = 10.0.40219.1
Project("{2150E333-8FDC-42A3-9474-1A3956D46DE8}") = "Section_01 SOLID Design Principle", "Section_01 SOLID Design Principle", "{26F074D3-98FA-4976-9614-73C377310B70}"
EndProject
Project("{FAE04EC0-301F-11D3-BF4B-00C04F79EFBC}") = "SingleResponsibilityPrinciple", "SOLID\SingleResponsibilityPrinciple\SingleResponsibilityPrinciple.csproj", "{E29DF7C1-3903-4348-B29C-84D0BD5FCCD6}"
EndProject
Project("{FAE04EC0-301F-11D3-BF4B-00C04F79EFBC}") = "OpenClosedPrinciple", "SOLID\OpenClosedPrinciple\OpenClosedPrinciple.csproj", "{C12C6CE5-282F-40F7-AC94-20D3FBF46268}"
EndProject
Project("{FAE04EC0-301F-11D3-BF4B-00C04F79EFBC}") = "LiskovSubstitutionPrinciple", "SOLID\LiskovSubstitutionPrinciple\LiskovSubstitutionPrinciple.csproj", "{AEE8660F-2F51-40B3-BD42-691410E84958}"
EndProject
Project("{FAE04EC0-301F-11D3-BF4B-00C04F79EFBC}") = "InterfaceSegregationPrinciple", "SOLID\InterfaceSegregationPrinciple\InterfaceSegregationPrinciple.csproj", "{E96FB3E5-6F7C-4BE0-AB7D-008696F798CF}"
EndProject
Project("{FAE04EC0-301F-11D3-BF4B-00C04F79EFBC}") = "DependencyInversionPrinciple", "SOLID\DependencyInversionPrinciple\DependencyInversionPrinciple.csproj", "{C5760948-BF8E-4288-A71A-8096824FD66E}"
EndProject
Project("{2150E333-8FDC-42A3-9474-1A3956D46DE8}") = "Section_02 BUILDER", "Section_02 BUILDER", "{C93F5E91-B620-49ED-A42D-5124B5C35BF6}"
	ProjectSection(SolutionItems) = preProject
		Builder\README.md = Builder\README.md
	EndProjectSection
EndProject
Project("{FAE04EC0-301F-11D3-BF4B-00C04F79EFBC}") = "Builder01Demo", "Builder\Builder01Demo\Builder01Demo.csproj", "{D4D232E9-567B-4B9E-A584-BE010ADB1650}"
EndProject
Project("{FAE04EC0-301F-11D3-BF4B-00C04F79EFBC}") = "BuilderInheritanceRecursiveGenerics", "Builder\BuilderInheritanceRecursiveGenerics\BuilderInheritanceRecursiveGenerics.csproj", "{3239808D-C252-469D-9FE7-24BDD694BF2D}"
EndProject
Project("{FAE04EC0-301F-11D3-BF4B-00C04F79EFBC}") = "BuilderStepwise", "Builder\BuilderStepwise\BuilderStepwise.csproj", "{B6E8BBE3-AE33-4D4A-839E-573B7160170C}"
EndProject
Project("{FAE04EC0-301F-11D3-BF4B-00C04F79EFBC}") = "BuilderFunctional", "Builder\BuilderFunctional\BuilderFunctional.csproj", "{C43A34D2-E1DA-4135-AC57-570BF4C4FB9A}"
EndProject
Project("{FAE04EC0-301F-11D3-BF4B-00C04F79EFBC}") = "BuilderFaceted", "Builder\BuilderFaceted\BuilderFaceted.csproj", "{61EA0BBA-FF7F-4A05-B377-8A7643A20A39}"
EndProject
Project("{2150E333-8FDC-42A3-9474-1A3956D46DE8}") = "Section_03 Factory", "Section_03 Factory", "{154C5971-BEB1-4631-A25A-ED074BF29A89}"
	ProjectSection(SolutionItems) = preProject
		Factory\README.md = Factory\README.md
	EndProjectSection
EndProject
Project("{FAE04EC0-301F-11D3-BF4B-00C04F79EFBC}") = "FactoryDemo01", "Factory\FactoryDemo01\FactoryDemo01.csproj", "{0FF68CC3-C030-4A36-A262-DD28B71EB88A}"
EndProject
Project("{FAE04EC0-301F-11D3-BF4B-00C04F79EFBC}") = "ObjectTrackingAndBulkReplacement", "Factory\ObjectTrackingAndBulkReplacement\ObjectTrackingAndBulkReplacement.csproj", "{803CD624-AAFC-4A34-9F95-C3BFBACB1103}"
EndProject
Project("{FAE04EC0-301F-11D3-BF4B-00C04F79EFBC}") = "AbstractFactory", "Factory\AbstractFactory\AbstractFactory.csproj", "{DF4E4DEF-4AE7-4E6C-BCE5-847902026300}"
EndProject
Project("{2150E333-8FDC-42A3-9474-1A3956D46DE8}") = "Section_04 Prototype", "Section_04 Prototype", "{D78F698D-CAA6-4304-A6C0-C56DCDD4309F}"
	ProjectSection(SolutionItems) = preProject
		Prototype\README.md = Prototype\README.md
	EndProjectSection
EndProject
Project("{FAE04EC0-301F-11D3-BF4B-00C04F79EFBC}") = "PrototypeInheritance", "Prototype\PrototypeInheritance\PrototypeInheritance.csproj", "{2946529B-8044-433E-8D0E-9158804EE532}"
EndProject
Project("{FAE04EC0-301F-11D3-BF4B-00C04F79EFBC}") = "PrototypeSerialization", "Prototype\PrototypeSerialization\PrototypeSerialization.csproj", "{24F0AB0C-27F2-4901-A0BE-E025B3F7840D}"
EndProject
Project("{2150E333-8FDC-42A3-9474-1A3956D46DE8}") = "Section_05 Singleton", "Section_05 Singleton", "{37AC98D4-5DFE-4C89-8442-2D65F0BB8CD0}"
	ProjectSection(SolutionItems) = preProject
		Singleton\REDAME.md = Singleton\REDAME.md
	EndProjectSection
EndProject
Project("{FAE04EC0-301F-11D3-BF4B-00C04F79EFBC}") = "SingletonDemo", "Singleton\SingletonDemo\SingletonDemo.csproj", "{18D0D4E6-05E4-4567-AA1A-B70ED629C8BD}"
EndProject
Project("{2150E333-8FDC-42A3-9474-1A3956D46DE8}") = "Section_07 Bridge", "Section_07 Bridge", "{60B0C338-D92A-4C9F-AA68-59B891658194}"
	ProjectSection(SolutionItems) = preProject
		Bridge\README.md = Bridge\README.md
	EndProjectSection
EndProject
Project("{FAE04EC0-301F-11D3-BF4B-00C04F79EFBC}") = "BridgePatternDemo", "Bridge\BridgePatternDemo\BridgePatternDemo.csproj", "{6548FD40-1C98-4C1D-9472-4CA8A249F3E1}"
EndProject
Project("{2150E333-8FDC-42A3-9474-1A3956D46DE8}") = "Section_06 Adapter", "Section_06 Adapter", "{D5E13456-4DFA-46C6-B206-D52AAF374BDD}"
	ProjectSection(SolutionItems) = preProject
		Adapter\README.md = Adapter\README.md
	EndProjectSection
EndProject
Project("{FAE04EC0-301F-11D3-BF4B-00C04F79EFBC}") = "AdapterDemo01", "Adapter\AdapterDemo01\AdapterDemo01.csproj", "{06831F65-C2DC-41D5-9059-0B40E9B35D9A}"
EndProject
Project("{2150E333-8FDC-42A3-9474-1A3956D46DE8}") = "Section_08 Composite", "Section_08 Composite", "{4D6A504D-0D28-40E1-9CA5-2129A8B1DE74}"
	ProjectSection(SolutionItems) = preProject
		Composite\README.md = Composite\README.md
	EndProjectSection
EndProject
Project("{FAE04EC0-301F-11D3-BF4B-00C04F79EFBC}") = "CompositeDemo01", "Composite\CompositeDemo01\CompositeDemo01.csproj", "{A4E4FC91-CD9D-4BAF-8F24-3BBE0B7D0026}"
EndProject
Project("{FAE04EC0-301F-11D3-BF4B-00C04F79EFBC}") = "CompositeDemo02", "Composite\CompositeDemo02\CompositeDemo02.csproj", "{A04096AE-5510-45C6-A47E-7BD91A03C420}"
EndProject
Project("{FAE04EC0-301F-11D3-BF4B-00C04F79EFBC}") = "CompositeDemo03", "Composite\CompositeDemo03\CompositeDemo03.csproj", "{BA4C3BE3-07C9-456A-891A-F36EA381DC85}"
EndProject
Project("{2150E333-8FDC-42A3-9474-1A3956D46DE8}") = "Section_09 Decorator", "Section_09 Decorator", "{6DAA6ACD-6826-437F-8EDD-7FF23005D25E}"
	ProjectSection(SolutionItems) = preProject
		Decorator\README.md = Decorator\README.md
	EndProjectSection
EndProject
Project("{FAE04EC0-301F-11D3-BF4B-00C04F79EFBC}") = "DecoratorDemo01", "Decorator\DecoratorDemo01\DecoratorDemo01.csproj", "{689DF755-EB9A-4564-B18F-01B65AE65B4E}"
EndProject
Project("{2150E333-8FDC-42A3-9474-1A3956D46DE8}") = "Section_10 Facade", "Section_10 Facade", "{11DB9D14-48D3-4749-8F13-570ABC0C4651}"
	ProjectSection(SolutionItems) = preProject
		Facade\README.md = Facade\README.md
	EndProjectSection
EndProject
Project("{FAE04EC0-301F-11D3-BF4B-00C04F79EFBC}") = "FacadeDemo01", "Facade\FacadeDemo01\FacadeDemo01.csproj", "{C2D4D2CE-2AFE-40EC-9B9E-287780FCD08C}"
EndProject
Project("{2150E333-8FDC-42A3-9474-1A3956D46DE8}") = "Section_11 Flyweight", "Section_11 Flyweight", "{321763CD-B989-4E59-B2EF-328CF971B618}"
	ProjectSection(SolutionItems) = preProject
		Flyweight\README.md = Flyweight\README.md
	EndProjectSection
EndProject
Project("{FAE04EC0-301F-11D3-BF4B-00C04F79EFBC}") = "FlyweightDemo01", "Flyweight\FlyweightDemo01\FlyweightDemo01.csproj", "{E65D429E-D46C-4EC7-ACAF-7D90E9ACA3F1}"
EndProject
Project("{2150E333-8FDC-42A3-9474-1A3956D46DE8}") = "Section_12 Proxy", "Section_12 Proxy", "{22173AE1-A1FB-473E-98D1-30770670D556}"
	ProjectSection(SolutionItems) = preProject
		Proxy\README.md = Proxy\README.md
	EndProjectSection
EndProject
Project("{FAE04EC0-301F-11D3-BF4B-00C04F79EFBC}") = "ProxyDemo01", "Proxy\ProxyDemo01\ProxyDemo01.csproj", "{B4B25269-0F9A-4B6D-8558-B64888B1189A}"
EndProject
Project("{2150E333-8FDC-42A3-9474-1A3956D46DE8}") = "Section_13 Chain of Responsibility", "Section_13 Chain of Responsibility", "{09089DC4-C135-45AC-ADA9-BC64BAA8396D}"
	ProjectSection(SolutionItems) = preProject
		ChainOfResponsibility\README.md = ChainOfResponsibility\README.md
	EndProjectSection
EndProject
Project("{FAE04EC0-301F-11D3-BF4B-00C04F79EFBC}") = "ChainOfResponsibilityDemo01", "ChainOfResponsibility\ChainOfResponsibilityDemo01\ChainOfResponsibilityDemo01.csproj", "{03FFF4AE-2ABF-45C8-938E-EF872AA60006}"
EndProject
Project("{FAE04EC0-301F-11D3-BF4B-00C04F79EFBC}") = "ChainBrokerDemo", "ChainOfResponsibility\ChainBrokerDemo\ChainBrokerDemo.csproj", "{B34E6707-BA25-4F2D-948E-99B96DBA3ABD}"
EndProject
Project("{2150E333-8FDC-42A3-9474-1A3956D46DE8}") = "Section_14 Command", "Section_14 Command", "{A4186BD3-DDCC-4869-B692-6CB38FAC86FA}"
	ProjectSection(SolutionItems) = preProject
		Command\README.md = Command\README.md
	EndProjectSection
EndProject
Project("{FAE04EC0-301F-11D3-BF4B-00C04F79EFBC}") = "CommandDemo01", "Command\CommandDemo01\CommandDemo01.csproj", "{A44743D1-20AF-4A21-8F70-4E8F05211599}"
EndProject
Project("{FAE04EC0-301F-11D3-BF4B-00C04F79EFBC}") = "CommandDemo02", "Command\CommandDemo02\CommandDemo02.csproj", "{017D0603-89A3-4611-99B7-0FE34AF90898}"
EndProject
Project("{2150E333-8FDC-42A3-9474-1A3956D46DE8}") = "Section_15 Interpreter", "Section_15 Interpreter", "{A0523494-6B8D-4394-B3A1-434A381AFC32}"
	ProjectSection(SolutionItems) = preProject
		Interpreter\README.md = Interpreter\README.md
	EndProjectSection
EndProject
Project("{FAE04EC0-301F-11D3-BF4B-00C04F79EFBC}") = "InterpreterDemo01", "Interpreter\InterpreterDemo01\InterpreterDemo01.csproj", "{A4612F95-B741-4AB1-AC0A-3857F55F4341}"
EndProject
Project("{2150E333-8FDC-42A3-9474-1A3956D46DE8}") = "Section_16 Iterator", "Section_16 Iterator", "{65AA69E8-623B-4CD8-972F-7FB934C42680}"
	ProjectSection(SolutionItems) = preProject
		Iterator\README.md = Iterator\README.md
	EndProjectSection
EndProject
Project("{FAE04EC0-301F-11D3-BF4B-00C04F79EFBC}") = "IteratorDemo01", "Iterator\IteratorDemo01\IteratorDemo01.csproj", "{977FA5A9-042F-41C7-98CC-324591319B96}"
EndProject
Global
	GlobalSection(SolutionConfigurationPlatforms) = preSolution
		Debug|Any CPU = Debug|Any CPU
		Release|Any CPU = Release|Any CPU
	EndGlobalSection
	GlobalSection(ProjectConfigurationPlatforms) = postSolution
		{E29DF7C1-3903-4348-B29C-84D0BD5FCCD6}.Debug|Any CPU.ActiveCfg = Debug|Any CPU
		{E29DF7C1-3903-4348-B29C-84D0BD5FCCD6}.Debug|Any CPU.Build.0 = Debug|Any CPU
		{E29DF7C1-3903-4348-B29C-84D0BD5FCCD6}.Release|Any CPU.ActiveCfg = Release|Any CPU
		{E29DF7C1-3903-4348-B29C-84D0BD5FCCD6}.Release|Any CPU.Build.0 = Release|Any CPU
		{C12C6CE5-282F-40F7-AC94-20D3FBF46268}.Debug|Any CPU.ActiveCfg = Debug|Any CPU
		{C12C6CE5-282F-40F7-AC94-20D3FBF46268}.Debug|Any CPU.Build.0 = Debug|Any CPU
		{C12C6CE5-282F-40F7-AC94-20D3FBF46268}.Release|Any CPU.ActiveCfg = Release|Any CPU
		{C12C6CE5-282F-40F7-AC94-20D3FBF46268}.Release|Any CPU.Build.0 = Release|Any CPU
		{AEE8660F-2F51-40B3-BD42-691410E84958}.Debug|Any CPU.ActiveCfg = Debug|Any CPU
		{AEE8660F-2F51-40B3-BD42-691410E84958}.Debug|Any CPU.Build.0 = Debug|Any CPU
		{AEE8660F-2F51-40B3-BD42-691410E84958}.Release|Any CPU.ActiveCfg = Release|Any CPU
		{AEE8660F-2F51-40B3-BD42-691410E84958}.Release|Any CPU.Build.0 = Release|Any CPU
		{E96FB3E5-6F7C-4BE0-AB7D-008696F798CF}.Debug|Any CPU.ActiveCfg = Debug|Any CPU
		{E96FB3E5-6F7C-4BE0-AB7D-008696F798CF}.Debug|Any CPU.Build.0 = Debug|Any CPU
		{E96FB3E5-6F7C-4BE0-AB7D-008696F798CF}.Release|Any CPU.ActiveCfg = Release|Any CPU
		{E96FB3E5-6F7C-4BE0-AB7D-008696F798CF}.Release|Any CPU.Build.0 = Release|Any CPU
		{C5760948-BF8E-4288-A71A-8096824FD66E}.Debug|Any CPU.ActiveCfg = Debug|Any CPU
		{C5760948-BF8E-4288-A71A-8096824FD66E}.Debug|Any CPU.Build.0 = Debug|Any CPU
		{C5760948-BF8E-4288-A71A-8096824FD66E}.Release|Any CPU.ActiveCfg = Release|Any CPU
		{C5760948-BF8E-4288-A71A-8096824FD66E}.Release|Any CPU.Build.0 = Release|Any CPU
		{D4D232E9-567B-4B9E-A584-BE010ADB1650}.Debug|Any CPU.ActiveCfg = Debug|Any CPU
		{D4D232E9-567B-4B9E-A584-BE010ADB1650}.Debug|Any CPU.Build.0 = Debug|Any CPU
		{D4D232E9-567B-4B9E-A584-BE010ADB1650}.Release|Any CPU.ActiveCfg = Release|Any CPU
		{D4D232E9-567B-4B9E-A584-BE010ADB1650}.Release|Any CPU.Build.0 = Release|Any CPU
		{3239808D-C252-469D-9FE7-24BDD694BF2D}.Debug|Any CPU.ActiveCfg = Debug|Any CPU
		{3239808D-C252-469D-9FE7-24BDD694BF2D}.Debug|Any CPU.Build.0 = Debug|Any CPU
		{3239808D-C252-469D-9FE7-24BDD694BF2D}.Release|Any CPU.ActiveCfg = Release|Any CPU
		{3239808D-C252-469D-9FE7-24BDD694BF2D}.Release|Any CPU.Build.0 = Release|Any CPU
		{B6E8BBE3-AE33-4D4A-839E-573B7160170C}.Debug|Any CPU.ActiveCfg = Debug|Any CPU
		{B6E8BBE3-AE33-4D4A-839E-573B7160170C}.Debug|Any CPU.Build.0 = Debug|Any CPU
		{B6E8BBE3-AE33-4D4A-839E-573B7160170C}.Release|Any CPU.ActiveCfg = Release|Any CPU
		{B6E8BBE3-AE33-4D4A-839E-573B7160170C}.Release|Any CPU.Build.0 = Release|Any CPU
		{C43A34D2-E1DA-4135-AC57-570BF4C4FB9A}.Debug|Any CPU.ActiveCfg = Debug|Any CPU
		{C43A34D2-E1DA-4135-AC57-570BF4C4FB9A}.Debug|Any CPU.Build.0 = Debug|Any CPU
		{C43A34D2-E1DA-4135-AC57-570BF4C4FB9A}.Release|Any CPU.ActiveCfg = Release|Any CPU
		{C43A34D2-E1DA-4135-AC57-570BF4C4FB9A}.Release|Any CPU.Build.0 = Release|Any CPU
		{61EA0BBA-FF7F-4A05-B377-8A7643A20A39}.Debug|Any CPU.ActiveCfg = Debug|Any CPU
		{61EA0BBA-FF7F-4A05-B377-8A7643A20A39}.Debug|Any CPU.Build.0 = Debug|Any CPU
		{61EA0BBA-FF7F-4A05-B377-8A7643A20A39}.Release|Any CPU.ActiveCfg = Release|Any CPU
		{61EA0BBA-FF7F-4A05-B377-8A7643A20A39}.Release|Any CPU.Build.0 = Release|Any CPU
		{0FF68CC3-C030-4A36-A262-DD28B71EB88A}.Debug|Any CPU.ActiveCfg = Debug|Any CPU
		{0FF68CC3-C030-4A36-A262-DD28B71EB88A}.Debug|Any CPU.Build.0 = Debug|Any CPU
		{0FF68CC3-C030-4A36-A262-DD28B71EB88A}.Release|Any CPU.ActiveCfg = Release|Any CPU
		{0FF68CC3-C030-4A36-A262-DD28B71EB88A}.Release|Any CPU.Build.0 = Release|Any CPU
		{803CD624-AAFC-4A34-9F95-C3BFBACB1103}.Debug|Any CPU.ActiveCfg = Debug|Any CPU
		{803CD624-AAFC-4A34-9F95-C3BFBACB1103}.Debug|Any CPU.Build.0 = Debug|Any CPU
		{803CD624-AAFC-4A34-9F95-C3BFBACB1103}.Release|Any CPU.ActiveCfg = Release|Any CPU
		{803CD624-AAFC-4A34-9F95-C3BFBACB1103}.Release|Any CPU.Build.0 = Release|Any CPU
		{DF4E4DEF-4AE7-4E6C-BCE5-847902026300}.Debug|Any CPU.ActiveCfg = Debug|Any CPU
		{DF4E4DEF-4AE7-4E6C-BCE5-847902026300}.Debug|Any CPU.Build.0 = Debug|Any CPU
		{DF4E4DEF-4AE7-4E6C-BCE5-847902026300}.Release|Any CPU.ActiveCfg = Release|Any CPU
		{DF4E4DEF-4AE7-4E6C-BCE5-847902026300}.Release|Any CPU.Build.0 = Release|Any CPU
		{2946529B-8044-433E-8D0E-9158804EE532}.Debug|Any CPU.ActiveCfg = Debug|Any CPU
		{2946529B-8044-433E-8D0E-9158804EE532}.Debug|Any CPU.Build.0 = Debug|Any CPU
		{2946529B-8044-433E-8D0E-9158804EE532}.Release|Any CPU.ActiveCfg = Release|Any CPU
		{2946529B-8044-433E-8D0E-9158804EE532}.Release|Any CPU.Build.0 = Release|Any CPU
		{24F0AB0C-27F2-4901-A0BE-E025B3F7840D}.Debug|Any CPU.ActiveCfg = Debug|Any CPU
		{24F0AB0C-27F2-4901-A0BE-E025B3F7840D}.Debug|Any CPU.Build.0 = Debug|Any CPU
		{24F0AB0C-27F2-4901-A0BE-E025B3F7840D}.Release|Any CPU.ActiveCfg = Release|Any CPU
		{24F0AB0C-27F2-4901-A0BE-E025B3F7840D}.Release|Any CPU.Build.0 = Release|Any CPU
		{18D0D4E6-05E4-4567-AA1A-B70ED629C8BD}.Debug|Any CPU.ActiveCfg = Debug|Any CPU
		{18D0D4E6-05E4-4567-AA1A-B70ED629C8BD}.Debug|Any CPU.Build.0 = Debug|Any CPU
		{18D0D4E6-05E4-4567-AA1A-B70ED629C8BD}.Release|Any CPU.ActiveCfg = Release|Any CPU
		{18D0D4E6-05E4-4567-AA1A-B70ED629C8BD}.Release|Any CPU.Build.0 = Release|Any CPU
		{6548FD40-1C98-4C1D-9472-4CA8A249F3E1}.Debug|Any CPU.ActiveCfg = Debug|Any CPU
		{6548FD40-1C98-4C1D-9472-4CA8A249F3E1}.Debug|Any CPU.Build.0 = Debug|Any CPU
		{6548FD40-1C98-4C1D-9472-4CA8A249F3E1}.Release|Any CPU.ActiveCfg = Release|Any CPU
		{6548FD40-1C98-4C1D-9472-4CA8A249F3E1}.Release|Any CPU.Build.0 = Release|Any CPU
		{06831F65-C2DC-41D5-9059-0B40E9B35D9A}.Debug|Any CPU.ActiveCfg = Debug|Any CPU
		{06831F65-C2DC-41D5-9059-0B40E9B35D9A}.Debug|Any CPU.Build.0 = Debug|Any CPU
		{06831F65-C2DC-41D5-9059-0B40E9B35D9A}.Release|Any CPU.ActiveCfg = Release|Any CPU
		{06831F65-C2DC-41D5-9059-0B40E9B35D9A}.Release|Any CPU.Build.0 = Release|Any CPU
		{A4E4FC91-CD9D-4BAF-8F24-3BBE0B7D0026}.Debug|Any CPU.ActiveCfg = Debug|Any CPU
		{A4E4FC91-CD9D-4BAF-8F24-3BBE0B7D0026}.Debug|Any CPU.Build.0 = Debug|Any CPU
		{A4E4FC91-CD9D-4BAF-8F24-3BBE0B7D0026}.Release|Any CPU.ActiveCfg = Release|Any CPU
		{A4E4FC91-CD9D-4BAF-8F24-3BBE0B7D0026}.Release|Any CPU.Build.0 = Release|Any CPU
		{A04096AE-5510-45C6-A47E-7BD91A03C420}.Debug|Any CPU.ActiveCfg = Debug|Any CPU
		{A04096AE-5510-45C6-A47E-7BD91A03C420}.Debug|Any CPU.Build.0 = Debug|Any CPU
		{A04096AE-5510-45C6-A47E-7BD91A03C420}.Release|Any CPU.ActiveCfg = Release|Any CPU
		{A04096AE-5510-45C6-A47E-7BD91A03C420}.Release|Any CPU.Build.0 = Release|Any CPU
		{BA4C3BE3-07C9-456A-891A-F36EA381DC85}.Debug|Any CPU.ActiveCfg = Debug|Any CPU
		{BA4C3BE3-07C9-456A-891A-F36EA381DC85}.Debug|Any CPU.Build.0 = Debug|Any CPU
		{BA4C3BE3-07C9-456A-891A-F36EA381DC85}.Release|Any CPU.ActiveCfg = Release|Any CPU
		{BA4C3BE3-07C9-456A-891A-F36EA381DC85}.Release|Any CPU.Build.0 = Release|Any CPU
		{689DF755-EB9A-4564-B18F-01B65AE65B4E}.Debug|Any CPU.ActiveCfg = Debug|Any CPU
		{689DF755-EB9A-4564-B18F-01B65AE65B4E}.Debug|Any CPU.Build.0 = Debug|Any CPU
		{689DF755-EB9A-4564-B18F-01B65AE65B4E}.Release|Any CPU.ActiveCfg = Release|Any CPU
		{689DF755-EB9A-4564-B18F-01B65AE65B4E}.Release|Any CPU.Build.0 = Release|Any CPU
		{C2D4D2CE-2AFE-40EC-9B9E-287780FCD08C}.Debug|Any CPU.ActiveCfg = Debug|Any CPU
		{C2D4D2CE-2AFE-40EC-9B9E-287780FCD08C}.Debug|Any CPU.Build.0 = Debug|Any CPU
		{C2D4D2CE-2AFE-40EC-9B9E-287780FCD08C}.Release|Any CPU.ActiveCfg = Release|Any CPU
		{C2D4D2CE-2AFE-40EC-9B9E-287780FCD08C}.Release|Any CPU.Build.0 = Release|Any CPU
		{E65D429E-D46C-4EC7-ACAF-7D90E9ACA3F1}.Debug|Any CPU.ActiveCfg = Debug|Any CPU
		{E65D429E-D46C-4EC7-ACAF-7D90E9ACA3F1}.Debug|Any CPU.Build.0 = Debug|Any CPU
		{E65D429E-D46C-4EC7-ACAF-7D90E9ACA3F1}.Release|Any CPU.ActiveCfg = Release|Any CPU
		{E65D429E-D46C-4EC7-ACAF-7D90E9ACA3F1}.Release|Any CPU.Build.0 = Release|Any CPU
		{B4B25269-0F9A-4B6D-8558-B64888B1189A}.Debug|Any CPU.ActiveCfg = Debug|Any CPU
		{B4B25269-0F9A-4B6D-8558-B64888B1189A}.Debug|Any CPU.Build.0 = Debug|Any CPU
		{B4B25269-0F9A-4B6D-8558-B64888B1189A}.Release|Any CPU.ActiveCfg = Release|Any CPU
		{B4B25269-0F9A-4B6D-8558-B64888B1189A}.Release|Any CPU.Build.0 = Release|Any CPU
		{03FFF4AE-2ABF-45C8-938E-EF872AA60006}.Debug|Any CPU.ActiveCfg = Debug|Any CPU
		{03FFF4AE-2ABF-45C8-938E-EF872AA60006}.Debug|Any CPU.Build.0 = Debug|Any CPU
		{03FFF4AE-2ABF-45C8-938E-EF872AA60006}.Release|Any CPU.ActiveCfg = Release|Any CPU
		{03FFF4AE-2ABF-45C8-938E-EF872AA60006}.Release|Any CPU.Build.0 = Release|Any CPU
		{B34E6707-BA25-4F2D-948E-99B96DBA3ABD}.Debug|Any CPU.ActiveCfg = Debug|Any CPU
		{B34E6707-BA25-4F2D-948E-99B96DBA3ABD}.Debug|Any CPU.Build.0 = Debug|Any CPU
		{B34E6707-BA25-4F2D-948E-99B96DBA3ABD}.Release|Any CPU.ActiveCfg = Release|Any CPU
		{B34E6707-BA25-4F2D-948E-99B96DBA3ABD}.Release|Any CPU.Build.0 = Release|Any CPU
		{A44743D1-20AF-4A21-8F70-4E8F05211599}.Debug|Any CPU.ActiveCfg = Debug|Any CPU
		{A44743D1-20AF-4A21-8F70-4E8F05211599}.Debug|Any CPU.Build.0 = Debug|Any CPU
		{A44743D1-20AF-4A21-8F70-4E8F05211599}.Release|Any CPU.ActiveCfg = Release|Any CPU
		{A44743D1-20AF-4A21-8F70-4E8F05211599}.Release|Any CPU.Build.0 = Release|Any CPU
		{017D0603-89A3-4611-99B7-0FE34AF90898}.Debug|Any CPU.ActiveCfg = Debug|Any CPU
		{017D0603-89A3-4611-99B7-0FE34AF90898}.Debug|Any CPU.Build.0 = Debug|Any CPU
		{017D0603-89A3-4611-99B7-0FE34AF90898}.Release|Any CPU.ActiveCfg = Release|Any CPU
		{017D0603-89A3-4611-99B7-0FE34AF90898}.Release|Any CPU.Build.0 = Release|Any CPU
		{A4612F95-B741-4AB1-AC0A-3857F55F4341}.Debug|Any CPU.ActiveCfg = Debug|Any CPU
		{A4612F95-B741-4AB1-AC0A-3857F55F4341}.Debug|Any CPU.Build.0 = Debug|Any CPU
		{A4612F95-B741-4AB1-AC0A-3857F55F4341}.Release|Any CPU.ActiveCfg = Release|Any CPU
		{A4612F95-B741-4AB1-AC0A-3857F55F4341}.Release|Any CPU.Build.0 = Release|Any CPU
		{977FA5A9-042F-41C7-98CC-324591319B96}.Debug|Any CPU.ActiveCfg = Debug|Any CPU
		{977FA5A9-042F-41C7-98CC-324591319B96}.Debug|Any CPU.Build.0 = Debug|Any CPU
		{977FA5A9-042F-41C7-98CC-324591319B96}.Release|Any CPU.ActiveCfg = Release|Any CPU
		{977FA5A9-042F-41C7-98CC-324591319B96}.Release|Any CPU.Build.0 = Release|Any CPU
	EndGlobalSection
	GlobalSection(SolutionProperties) = preSolution
		HideSolutionNode = FALSE
	EndGlobalSection
	GlobalSection(NestedProjects) = preSolution
		{E29DF7C1-3903-4348-B29C-84D0BD5FCCD6} = {26F074D3-98FA-4976-9614-73C377310B70}
		{C12C6CE5-282F-40F7-AC94-20D3FBF46268} = {26F074D3-98FA-4976-9614-73C377310B70}
		{AEE8660F-2F51-40B3-BD42-691410E84958} = {26F074D3-98FA-4976-9614-73C377310B70}
		{E96FB3E5-6F7C-4BE0-AB7D-008696F798CF} = {26F074D3-98FA-4976-9614-73C377310B70}
		{C5760948-BF8E-4288-A71A-8096824FD66E} = {26F074D3-98FA-4976-9614-73C377310B70}
		{D4D232E9-567B-4B9E-A584-BE010ADB1650} = {C93F5E91-B620-49ED-A42D-5124B5C35BF6}
		{3239808D-C252-469D-9FE7-24BDD694BF2D} = {C93F5E91-B620-49ED-A42D-5124B5C35BF6}
		{B6E8BBE3-AE33-4D4A-839E-573B7160170C} = {C93F5E91-B620-49ED-A42D-5124B5C35BF6}
		{C43A34D2-E1DA-4135-AC57-570BF4C4FB9A} = {C93F5E91-B620-49ED-A42D-5124B5C35BF6}
		{61EA0BBA-FF7F-4A05-B377-8A7643A20A39} = {C93F5E91-B620-49ED-A42D-5124B5C35BF6}
		{0FF68CC3-C030-4A36-A262-DD28B71EB88A} = {154C5971-BEB1-4631-A25A-ED074BF29A89}
		{803CD624-AAFC-4A34-9F95-C3BFBACB1103} = {154C5971-BEB1-4631-A25A-ED074BF29A89}
		{DF4E4DEF-4AE7-4E6C-BCE5-847902026300} = {154C5971-BEB1-4631-A25A-ED074BF29A89}
		{2946529B-8044-433E-8D0E-9158804EE532} = {D78F698D-CAA6-4304-A6C0-C56DCDD4309F}
		{24F0AB0C-27F2-4901-A0BE-E025B3F7840D} = {D78F698D-CAA6-4304-A6C0-C56DCDD4309F}
		{18D0D4E6-05E4-4567-AA1A-B70ED629C8BD} = {37AC98D4-5DFE-4C89-8442-2D65F0BB8CD0}
		{6548FD40-1C98-4C1D-9472-4CA8A249F3E1} = {60B0C338-D92A-4C9F-AA68-59B891658194}
		{06831F65-C2DC-41D5-9059-0B40E9B35D9A} = {D5E13456-4DFA-46C6-B206-D52AAF374BDD}
		{A4E4FC91-CD9D-4BAF-8F24-3BBE0B7D0026} = {4D6A504D-0D28-40E1-9CA5-2129A8B1DE74}
		{A04096AE-5510-45C6-A47E-7BD91A03C420} = {4D6A504D-0D28-40E1-9CA5-2129A8B1DE74}
		{BA4C3BE3-07C9-456A-891A-F36EA381DC85} = {4D6A504D-0D28-40E1-9CA5-2129A8B1DE74}
		{689DF755-EB9A-4564-B18F-01B65AE65B4E} = {6DAA6ACD-6826-437F-8EDD-7FF23005D25E}
		{C2D4D2CE-2AFE-40EC-9B9E-287780FCD08C} = {11DB9D14-48D3-4749-8F13-570ABC0C4651}
		{E65D429E-D46C-4EC7-ACAF-7D90E9ACA3F1} = {321763CD-B989-4E59-B2EF-328CF971B618}
		{B4B25269-0F9A-4B6D-8558-B64888B1189A} = {22173AE1-A1FB-473E-98D1-30770670D556}
		{03FFF4AE-2ABF-45C8-938E-EF872AA60006} = {09089DC4-C135-45AC-ADA9-BC64BAA8396D}
		{B34E6707-BA25-4F2D-948E-99B96DBA3ABD} = {09089DC4-C135-45AC-ADA9-BC64BAA8396D}
		{A44743D1-20AF-4A21-8F70-4E8F05211599} = {A4186BD3-DDCC-4869-B692-6CB38FAC86FA}
		{017D0603-89A3-4611-99B7-0FE34AF90898} = {A4186BD3-DDCC-4869-B692-6CB38FAC86FA}
		{A4612F95-B741-4AB1-AC0A-3857F55F4341} = {A0523494-6B8D-4394-B3A1-434A381AFC32}
		{977FA5A9-042F-41C7-98CC-324591319B96} = {65AA69E8-623B-4CD8-972F-7FB934C42680}
	EndGlobalSection
EndGlobal
