
Microsoft Visual Studio Solution File, Format Version 12.00
# Visual Studio Version 17
VisualStudioVersion = 17.12.35527.113 d17.12
MinimumVisualStudioVersion = 10.0.40219.1
Project("{2150E333-8FDC-42A3-9474-1A3956D46DE8}") = "Section_01 SOLID Design Principle", "Section_01 SOLID Design Principle", "{26F074D3-98FA-4976-9614-73C377310B70}"
EndProject
Project("{FAE04EC0-301F-11D3-BF4B-00C04F79EFBC}") = "SingleResponsibilityPrinciple", "SOLID\SingleResponsibilityPrinciple\SingleResponsibilityPrinciple.csproj", "{E29DF7C1-3903-4348-B29C-84D0BD5FCCD6}"
EndProject
Project("{FAE04EC0-301F-11D3-BF4B-00C04F79EFBC}") = "OpenClosedPrinciple", "SOLID\OpenClosedPrinciple\OpenClosedPrinciple.csproj", "{C12C6CE5-282F-40F7-AC94-20D3FBF46268}"
EndProject
Project("{FAE04EC0-301F-11D3-BF4B-00C04F79EFBC}") = "LiskovSubstitutionPrinciple", "SOLID\LiskovSubstitutionPrinciple\LiskovSubstitutionPrinciple.csproj", "{AEE8660F-2F51-40B3-BD42-691410E84958}"
EndProject
Project("{FAE04EC0-301F-11D3-BF4B-00C04F79EFBC}") = "InterfaceSegregationPrinciple", "SOLID\InterfaceSegregationPrinciple\InterfaceSegregationPrinciple.csproj", "{E96FB3E5-6F7C-4BE0-AB7D-008696F798CF}"
EndProject
Project("{FAE04EC0-301F-11D3-BF4B-00C04F79EFBC}") = "DependencyInversionPrinciple", "SOLID\DependencyInversionPrinciple\DependencyInversionPrinciple.csproj", "{C5760948-BF8E-4288-A71A-8096824FD66E}"
EndProject
Global
	GlobalSection(SolutionConfigurationPlatforms) = preSolution
		Debug|Any CPU = Debug|Any CPU
		Release|Any CPU = Release|Any CPU
	EndGlobalSection
	GlobalSection(ProjectConfigurationPlatforms) = postSolution
		{E29DF7C1-3903-4348-B29C-84D0BD5FCCD6}.Debug|Any CPU.ActiveCfg = Debug|Any CPU
		{E29DF7C1-3903-4348-B29C-84D0BD5FCCD6}.Debug|Any CPU.Build.0 = Debug|Any CPU
		{E29DF7C1-3903-4348-B29C-84D0BD5FCCD6}.Release|Any CPU.ActiveCfg = Release|Any CPU
		{E29DF7C1-3903-4348-B29C-84D0BD5FCCD6}.Release|Any CPU.Build.0 = Release|Any CPU
		{C12C6CE5-282F-40F7-AC94-20D3FBF46268}.Debug|Any CPU.ActiveCfg = Debug|Any CPU
		{C12C6CE5-282F-40F7-AC94-20D3FBF46268}.Debug|Any CPU.Build.0 = Debug|Any CPU
		{C12C6CE5-282F-40F7-AC94-20D3FBF46268}.Release|Any CPU.ActiveCfg = Release|Any CPU
		{C12C6CE5-282F-40F7-AC94-20D3FBF46268}.Release|Any CPU.Build.0 = Release|Any CPU
		{AEE8660F-2F51-40B3-BD42-691410E84958}.Debug|Any CPU.ActiveCfg = Debug|Any CPU
		{AEE8660F-2F51-40B3-BD42-691410E84958}.Debug|Any CPU.Build.0 = Debug|Any CPU
		{AEE8660F-2F51-40B3-BD42-691410E84958}.Release|Any CPU.ActiveCfg = Release|Any CPU
		{AEE8660F-2F51-40B3-BD42-691410E84958}.Release|Any CPU.Build.0 = Release|Any CPU
		{E96FB3E5-6F7C-4BE0-AB7D-008696F798CF}.Debug|Any CPU.ActiveCfg = Debug|Any CPU
		{E96FB3E5-6F7C-4BE0-AB7D-008696F798CF}.Debug|Any CPU.Build.0 = Debug|Any CPU
		{E96FB3E5-6F7C-4BE0-AB7D-008696F798CF}.Release|Any CPU.ActiveCfg = Release|Any CPU
		{E96FB3E5-6F7C-4BE0-AB7D-008696F798CF}.Release|Any CPU.Build.0 = Release|Any CPU
		{C5760948-BF8E-4288-A71A-8096824FD66E}.Debug|Any CPU.ActiveCfg = Debug|Any CPU
		{C5760948-BF8E-4288-A71A-8096824FD66E}.Debug|Any CPU.Build.0 = Debug|Any CPU
		{C5760948-BF8E-4288-A71A-8096824FD66E}.Release|Any CPU.ActiveCfg = Release|Any CPU
		{C5760948-BF8E-4288-A71A-8096824FD66E}.Release|Any CPU.Build.0 = Release|Any CPU
	EndGlobalSection
	GlobalSection(SolutionProperties) = preSolution
		HideSolutionNode = FALSE
	EndGlobalSection
	GlobalSection(NestedProjects) = preSolution
		{E29DF7C1-3903-4348-B29C-84D0BD5FCCD6} = {26F074D3-98FA-4976-9614-73C377310B70}
		{C12C6CE5-282F-40F7-AC94-20D3FBF46268} = {26F074D3-98FA-4976-9614-73C377310B70}
		{AEE8660F-2F51-40B3-BD42-691410E84958} = {26F074D3-98FA-4976-9614-73C377310B70}
		{E96FB3E5-6F7C-4BE0-AB7D-008696F798CF} = {26F074D3-98FA-4976-9614-73C377310B70}
		{C5760948-BF8E-4288-A71A-8096824FD66E} = {26F074D3-98FA-4976-9614-73C377310B70}
	EndGlobalSection
EndGlobal
